PODS:
  - Flutter (1.0.0)
  - media_gallery (0.0.1):
    - Flutter
  - "permission_handler (5.1.0+2)":
    - Flutter
  - video_player (0.0.1):
    - Flutter

DEPENDENCIES:
  - Flutter (from `Flutter`)
  - media_gallery (from `.symlinks/plugins/media_gallery/ios`)
  - permission_handler (from `.symlinks/plugins/permission_handler/ios`)
  - video_player (from `.symlinks/plugins/video_player/ios`)

EXTERNAL SOURCES:
  Flutter:
    :path: Flutter
  media_gallery:
    :path: ".symlinks/plugins/media_gallery/ios"
  permission_handler:
    :path: ".symlinks/plugins/permission_handler/ios"
  video_player:
    :path: ".symlinks/plugins/video_player/ios"

SPEC CHECKSUMS:
  Flutter: 434fef37c0980e73bb6479ef766c45957d4b510c
  media_gallery: 834a04455a476b975c280aa1f24ed2853dfe36de
  permission_handler: ccb20a9fad0ee9b1314a52b70b76b473c5f8dab0
  video_player: 9cc823b1d9da7e8427ee591e8438bfbcde500e6e

PODFILE CHECKSUM: aafe91acc616949ddb318b77800a7f51bffa2a4c

COCOAPODS: 1.10.1
